{
  "name": "tailwind-create-color",
  "version": "1.0.0",
  "lockfileVersion": 2,
  "requires": true,
  "packages": {
    "": {
      "name": "tailwind-create-color",
      "version": "1.0.0",
      "license": "MIT",
      "bin": {
        "tailwind-create-color": "bin/index.js"
      }
    }
  }
}
